
Microsoft Visual Studio Solution File, Format Version 12.00
Project("{2150E333-8FDC-42A3-9474-1A3956D46DE8}") = "MyPos", "MyPos", "{8CEFBA9A-A6F5-42B3-B092-64EE19CCB098}"
EndProject
Project("{FAE04EC0-301F-11D3-BF4B-00C04F79EFBC}") = "MyPos.Common", "MyPos.Common\MyPos.Common.csproj", "{F6D52F85-A917-410E-8FC4-3A91F10BBFDC}"
EndProject
Project("{FAE04EC0-301F-11D3-BF4B-00C04F79EFBC}") = "MyPos.DataContext", "MyPos.DataContext\MyPos.DataContext.csproj", "{3B97D2EE-2EDE-4E47-8C8C-6046BC7CC376}"
EndProject
Project("{FAE04EC0-301F-11D3-BF4B-00C04F79EFBC}") = "MyPos.EntityModels", "MyPos.EntityModels\MyPos.EntityModels.csproj", "{0F48D7ED-1EE3-4EDA-A064-4E9CAE7848C5}"
EndProject
Project("{FAE04EC0-301F-11D3-BF4B-00C04F79EFBC}") = "MyPos.WebApi", "MyPos.WebApi\MyPos.WebApi.csproj", "{112B3A69-7F6B-4BBC-A392-5A4700CF750F}"
EndProject
Global
	GlobalSection(SolutionConfigurationPlatforms) = preSolution
		Debug|Any CPU = Debug|Any CPU
		Release|Any CPU = Release|Any CPU
	EndGlobalSection
	GlobalSection(ProjectConfigurationPlatforms) = postSolution
		{F6D52F85-A917-410E-8FC4-3A91F10BBFDC}.Debug|Any CPU.ActiveCfg = Debug|Any CPU
		{F6D52F85-A917-410E-8FC4-3A91F10BBFDC}.Debug|Any CPU.Build.0 = Debug|Any CPU
		{F6D52F85-A917-410E-8FC4-3A91F10BBFDC}.Release|Any CPU.ActiveCfg = Release|Any CPU
		{F6D52F85-A917-410E-8FC4-3A91F10BBFDC}.Release|Any CPU.Build.0 = Release|Any CPU
		{3B97D2EE-2EDE-4E47-8C8C-6046BC7CC376}.Debug|Any CPU.ActiveCfg = Debug|Any CPU
		{3B97D2EE-2EDE-4E47-8C8C-6046BC7CC376}.Debug|Any CPU.Build.0 = Debug|Any CPU
		{3B97D2EE-2EDE-4E47-8C8C-6046BC7CC376}.Release|Any CPU.ActiveCfg = Release|Any CPU
		{3B97D2EE-2EDE-4E47-8C8C-6046BC7CC376}.Release|Any CPU.Build.0 = Release|Any CPU
		{0F48D7ED-1EE3-4EDA-A064-4E9CAE7848C5}.Debug|Any CPU.ActiveCfg = Debug|Any CPU
		{0F48D7ED-1EE3-4EDA-A064-4E9CAE7848C5}.Debug|Any CPU.Build.0 = Debug|Any CPU
		{0F48D7ED-1EE3-4EDA-A064-4E9CAE7848C5}.Release|Any CPU.ActiveCfg = Release|Any CPU
		{0F48D7ED-1EE3-4EDA-A064-4E9CAE7848C5}.Release|Any CPU.Build.0 = Release|Any CPU
		{112B3A69-7F6B-4BBC-A392-5A4700CF750F}.Debug|Any CPU.ActiveCfg = Debug|Any CPU
		{112B3A69-7F6B-4BBC-A392-5A4700CF750F}.Debug|Any CPU.Build.0 = Debug|Any CPU
		{112B3A69-7F6B-4BBC-A392-5A4700CF750F}.Release|Any CPU.ActiveCfg = Release|Any CPU
		{112B3A69-7F6B-4BBC-A392-5A4700CF750F}.Release|Any CPU.Build.0 = Release|Any CPU
	EndGlobalSection
	GlobalSection(NestedProjects) = preSolution
		{F6D52F85-A917-410E-8FC4-3A91F10BBFDC} = {8CEFBA9A-A6F5-42B3-B092-64EE19CCB098}
		{3B97D2EE-2EDE-4E47-8C8C-6046BC7CC376} = {8CEFBA9A-A6F5-42B3-B092-64EE19CCB098}
		{0F48D7ED-1EE3-4EDA-A064-4E9CAE7848C5} = {8CEFBA9A-A6F5-42B3-B092-64EE19CCB098}
		{112B3A69-7F6B-4BBC-A392-5A4700CF750F} = {8CEFBA9A-A6F5-42B3-B092-64EE19CCB098}
	EndGlobalSection
EndGlobal
